{
  "originHash" : "ebb97e2e173a0b66b4587b9c973e2a8513a0c0d4e7f37e2d3c7223ea3bae2003",
  "pins" : [
    {
      "identity" : "cmd-arg-lib",
      "kind" : "remoteSourceControl",
      "location" : "https://github.com/ouser4629/cmd-arg-lib.git",
      "state" : {
        "revision" : "49620bc824496e43790f28650a05778a2d2c023a",
        "version" : "0.3.6"
      }
    },
    {
      "identity" : "swift-syntax",
      "kind" : "remoteSourceControl",
      "location" : "https://github.com/swiftlang/swift-syntax.git",
      "state" : {
        "revision" : "4799286537280063c85a32f09884cfbca301b1a1",
        "version" : "602.0.0"
      }
    }
  ],
  "version" : 3
}
