{
  "originHash" : "05b15eabb8d4e3fdf681f429d0d4059f28062f5c66ea015cf84248d9c3c1424d",
  "pins" : [
    {
      "identity" : "cmd-arg-lib",
      "kind" : "remoteSourceControl",
      "location" : "https://github.com/ouser4629/cmd-arg-lib.git",
      "state" : {
        "revision" : "fd00dd8a09f4affbf35b4188bac7d85ccf185513",
        "version" : "0.2.8"
      }
    },
    {
      "identity" : "swift-syntax",
      "kind" : "remoteSourceControl",
      "location" : "https://github.com/swiftlang/swift-syntax.git",
      "state" : {
        "revision" : "4799286537280063c85a32f09884cfbca301b1a1",
        "version" : "602.0.0"
      }
    }
  ],
  "version" : 3
}
